
Microsoft Visual Studio Solution File, Format Version 12.00
# Visual Studio 2013
VisualStudioVersion = 12.0.31101.0
MinimumVisualStudioVersion = 10.0.40219.1
Project("{FAE04EC0-301F-11D3-BF4B-00C04F79EFBC}") = "RoverMob.Universal", "RoverMob\RoverMob.Universal.csproj", "{04104418-744D-4544-830E-D92E6B6692BE}"
EndProject
Project("{FAE04EC0-301F-11D3-BF4B-00C04F79EFBC}") = "RoverMob.Protocol.Universal", "RoverMob.Protocol\RoverMob.Protocol.Universal.csproj", "{AD9F88F2-5FA7-4D51-A8E3-55533DB3384E}"
EndProject
Project("{FAE04EC0-301F-11D3-BF4B-00C04F79EFBC}") = "RoverMob.Distributor", "RoverMob.Distributor\RoverMob.Distributor.csproj", "{F827212A-D910-493D-9E21-444C6F7D283F}"
EndProject
Project("{FAE04EC0-301F-11D3-BF4B-00C04F79EFBC}") = "RoverMob.Protocol", "RoverMob.Protocol\RoverMob.Protocol.csproj", "{4AAD27A4-F967-4F10-9360-6887A2B80359}"
EndProject
Project("{2150E333-8FDC-42A3-9474-1A3956D46DE8}") = "NuGet", "NuGet", "{F72AC2FD-CCF3-410D-BC5A-D5EE893C892C}"
	ProjectSection(SolutionItems) = preProject
		NuGet\Core\RoverMob.nuspec = NuGet\Core\RoverMob.nuspec
	EndProjectSection
EndProject
Project("{FAE04EC0-301F-11D3-BF4B-00C04F79EFBC}") = "RoverMob.Platform.Windows", "RoverMob.Platform\RoverMob.Platform.Windows.csproj", "{1B7DECCB-94F8-4DDC-A008-62731CA00332}"
EndProject
Project("{FAE04EC0-301F-11D3-BF4B-00C04F79EFBC}") = "RoverMob.Platform.WindowsPhone", "RoverMob.Platform\RoverMob.Platform.WindowsPhone.csproj", "{A04F4B25-505A-4B3B-BFFE-776BBF7A2B08}"
EndProject
Project("{FAE04EC0-301F-11D3-BF4B-00C04F79EFBC}") = "RoverMob.Platform", "RoverMob.Platform\RoverMob.Platform.csproj", "{5181D5AA-0938-46DD-89A0-2160C1B7B788}"
EndProject
Global
	GlobalSection(SolutionConfigurationPlatforms) = preSolution
		Debug|Any CPU = Debug|Any CPU
		Debug|ARM = Debug|ARM
		Debug|x64 = Debug|x64
		Debug|x86 = Debug|x86
		Release|Any CPU = Release|Any CPU
		Release|ARM = Release|ARM
		Release|x64 = Release|x64
		Release|x86 = Release|x86
	EndGlobalSection
	GlobalSection(ProjectConfigurationPlatforms) = postSolution
		{04104418-744D-4544-830E-D92E6B6692BE}.Debug|Any CPU.ActiveCfg = Debug|Any CPU
		{04104418-744D-4544-830E-D92E6B6692BE}.Debug|Any CPU.Build.0 = Debug|Any CPU
		{04104418-744D-4544-830E-D92E6B6692BE}.Debug|ARM.ActiveCfg = Debug|Any CPU
		{04104418-744D-4544-830E-D92E6B6692BE}.Debug|x64.ActiveCfg = Debug|Any CPU
		{04104418-744D-4544-830E-D92E6B6692BE}.Debug|x86.ActiveCfg = Debug|Any CPU
		{04104418-744D-4544-830E-D92E6B6692BE}.Release|Any CPU.ActiveCfg = Release|Any CPU
		{04104418-744D-4544-830E-D92E6B6692BE}.Release|Any CPU.Build.0 = Release|Any CPU
		{04104418-744D-4544-830E-D92E6B6692BE}.Release|ARM.ActiveCfg = Release|Any CPU
		{04104418-744D-4544-830E-D92E6B6692BE}.Release|x64.ActiveCfg = Release|Any CPU
		{04104418-744D-4544-830E-D92E6B6692BE}.Release|x86.ActiveCfg = Release|Any CPU
		{AD9F88F2-5FA7-4D51-A8E3-55533DB3384E}.Debug|Any CPU.ActiveCfg = Debug|Any CPU
		{AD9F88F2-5FA7-4D51-A8E3-55533DB3384E}.Debug|Any CPU.Build.0 = Debug|Any CPU
		{AD9F88F2-5FA7-4D51-A8E3-55533DB3384E}.Debug|ARM.ActiveCfg = Debug|Any CPU
		{AD9F88F2-5FA7-4D51-A8E3-55533DB3384E}.Debug|x64.ActiveCfg = Debug|Any CPU
		{AD9F88F2-5FA7-4D51-A8E3-55533DB3384E}.Debug|x86.ActiveCfg = Debug|Any CPU
		{AD9F88F2-5FA7-4D51-A8E3-55533DB3384E}.Release|Any CPU.ActiveCfg = Release|Any CPU
		{AD9F88F2-5FA7-4D51-A8E3-55533DB3384E}.Release|Any CPU.Build.0 = Release|Any CPU
		{AD9F88F2-5FA7-4D51-A8E3-55533DB3384E}.Release|ARM.ActiveCfg = Release|Any CPU
		{AD9F88F2-5FA7-4D51-A8E3-55533DB3384E}.Release|x64.ActiveCfg = Release|Any CPU
		{AD9F88F2-5FA7-4D51-A8E3-55533DB3384E}.Release|x86.ActiveCfg = Release|Any CPU
		{F827212A-D910-493D-9E21-444C6F7D283F}.Debug|Any CPU.ActiveCfg = Debug|Any CPU
		{F827212A-D910-493D-9E21-444C6F7D283F}.Debug|Any CPU.Build.0 = Debug|Any CPU
		{F827212A-D910-493D-9E21-444C6F7D283F}.Debug|ARM.ActiveCfg = Debug|Any CPU
		{F827212A-D910-493D-9E21-444C6F7D283F}.Debug|x64.ActiveCfg = Debug|Any CPU
		{F827212A-D910-493D-9E21-444C6F7D283F}.Debug|x86.ActiveCfg = Debug|Any CPU
		{F827212A-D910-493D-9E21-444C6F7D283F}.Release|Any CPU.ActiveCfg = Release|Any CPU
		{F827212A-D910-493D-9E21-444C6F7D283F}.Release|Any CPU.Build.0 = Release|Any CPU
		{F827212A-D910-493D-9E21-444C6F7D283F}.Release|ARM.ActiveCfg = Release|Any CPU
		{F827212A-D910-493D-9E21-444C6F7D283F}.Release|x64.ActiveCfg = Release|Any CPU
		{F827212A-D910-493D-9E21-444C6F7D283F}.Release|x86.ActiveCfg = Release|Any CPU
		{4AAD27A4-F967-4F10-9360-6887A2B80359}.Debug|Any CPU.ActiveCfg = Debug|Any CPU
		{4AAD27A4-F967-4F10-9360-6887A2B80359}.Debug|Any CPU.Build.0 = Debug|Any CPU
		{4AAD27A4-F967-4F10-9360-6887A2B80359}.Debug|ARM.ActiveCfg = Debug|Any CPU
		{4AAD27A4-F967-4F10-9360-6887A2B80359}.Debug|x64.ActiveCfg = Debug|Any CPU
		{4AAD27A4-F967-4F10-9360-6887A2B80359}.Debug|x86.ActiveCfg = Debug|Any CPU
		{4AAD27A4-F967-4F10-9360-6887A2B80359}.Release|Any CPU.ActiveCfg = Release|Any CPU
		{4AAD27A4-F967-4F10-9360-6887A2B80359}.Release|Any CPU.Build.0 = Release|Any CPU
		{4AAD27A4-F967-4F10-9360-6887A2B80359}.Release|ARM.ActiveCfg = Release|Any CPU
		{4AAD27A4-F967-4F10-9360-6887A2B80359}.Release|x64.ActiveCfg = Release|Any CPU
		{4AAD27A4-F967-4F10-9360-6887A2B80359}.Release|x86.ActiveCfg = Release|Any CPU
		{1B7DECCB-94F8-4DDC-A008-62731CA00332}.Debug|Any CPU.ActiveCfg = Debug|Any CPU
		{1B7DECCB-94F8-4DDC-A008-62731CA00332}.Debug|Any CPU.Build.0 = Debug|Any CPU
		{1B7DECCB-94F8-4DDC-A008-62731CA00332}.Debug|ARM.ActiveCfg = Debug|ARM
		{1B7DECCB-94F8-4DDC-A008-62731CA00332}.Debug|ARM.Build.0 = Debug|ARM
		{1B7DECCB-94F8-4DDC-A008-62731CA00332}.Debug|x64.ActiveCfg = Debug|x64
		{1B7DECCB-94F8-4DDC-A008-62731CA00332}.Debug|x64.Build.0 = Debug|x64
		{1B7DECCB-94F8-4DDC-A008-62731CA00332}.Debug|x86.ActiveCfg = Debug|x86
		{1B7DECCB-94F8-4DDC-A008-62731CA00332}.Debug|x86.Build.0 = Debug|x86
		{1B7DECCB-94F8-4DDC-A008-62731CA00332}.Release|Any CPU.ActiveCfg = Release|Any CPU
		{1B7DECCB-94F8-4DDC-A008-62731CA00332}.Release|Any CPU.Build.0 = Release|Any CPU
		{1B7DECCB-94F8-4DDC-A008-62731CA00332}.Release|ARM.ActiveCfg = Release|ARM
		{1B7DECCB-94F8-4DDC-A008-62731CA00332}.Release|ARM.Build.0 = Release|ARM
		{1B7DECCB-94F8-4DDC-A008-62731CA00332}.Release|x64.ActiveCfg = Release|x64
		{1B7DECCB-94F8-4DDC-A008-62731CA00332}.Release|x64.Build.0 = Release|x64
		{1B7DECCB-94F8-4DDC-A008-62731CA00332}.Release|x86.ActiveCfg = Release|x86
		{1B7DECCB-94F8-4DDC-A008-62731CA00332}.Release|x86.Build.0 = Release|x86
		{A04F4B25-505A-4B3B-BFFE-776BBF7A2B08}.Debug|Any CPU.ActiveCfg = Debug|Any CPU
		{A04F4B25-505A-4B3B-BFFE-776BBF7A2B08}.Debug|Any CPU.Build.0 = Debug|Any CPU
		{A04F4B25-505A-4B3B-BFFE-776BBF7A2B08}.Debug|ARM.ActiveCfg = Debug|ARM
		{A04F4B25-505A-4B3B-BFFE-776BBF7A2B08}.Debug|ARM.Build.0 = Debug|ARM
		{A04F4B25-505A-4B3B-BFFE-776BBF7A2B08}.Debug|x64.ActiveCfg = Debug|Any CPU
		{A04F4B25-505A-4B3B-BFFE-776BBF7A2B08}.Debug|x86.ActiveCfg = Debug|x86
		{A04F4B25-505A-4B3B-BFFE-776BBF7A2B08}.Debug|x86.Build.0 = Debug|x86
		{A04F4B25-505A-4B3B-BFFE-776BBF7A2B08}.Release|Any CPU.ActiveCfg = Release|Any CPU
		{A04F4B25-505A-4B3B-BFFE-776BBF7A2B08}.Release|Any CPU.Build.0 = Release|Any CPU
		{A04F4B25-505A-4B3B-BFFE-776BBF7A2B08}.Release|ARM.ActiveCfg = Release|ARM
		{A04F4B25-505A-4B3B-BFFE-776BBF7A2B08}.Release|ARM.Build.0 = Release|ARM
		{A04F4B25-505A-4B3B-BFFE-776BBF7A2B08}.Release|x64.ActiveCfg = Release|Any CPU
		{A04F4B25-505A-4B3B-BFFE-776BBF7A2B08}.Release|x86.ActiveCfg = Release|x86
		{A04F4B25-505A-4B3B-BFFE-776BBF7A2B08}.Release|x86.Build.0 = Release|x86
		{5181D5AA-0938-46DD-89A0-2160C1B7B788}.Debug|Any CPU.ActiveCfg = Debug|Any CPU
		{5181D5AA-0938-46DD-89A0-2160C1B7B788}.Debug|Any CPU.Build.0 = Debug|Any CPU
		{5181D5AA-0938-46DD-89A0-2160C1B7B788}.Debug|ARM.ActiveCfg = Debug|Any CPU
		{5181D5AA-0938-46DD-89A0-2160C1B7B788}.Debug|x64.ActiveCfg = Debug|Any CPU
		{5181D5AA-0938-46DD-89A0-2160C1B7B788}.Debug|x86.ActiveCfg = Debug|Any CPU
		{5181D5AA-0938-46DD-89A0-2160C1B7B788}.Release|Any CPU.ActiveCfg = Release|Any CPU
		{5181D5AA-0938-46DD-89A0-2160C1B7B788}.Release|Any CPU.Build.0 = Release|Any CPU
		{5181D5AA-0938-46DD-89A0-2160C1B7B788}.Release|ARM.ActiveCfg = Release|Any CPU
		{5181D5AA-0938-46DD-89A0-2160C1B7B788}.Release|x64.ActiveCfg = Release|Any CPU
		{5181D5AA-0938-46DD-89A0-2160C1B7B788}.Release|x86.ActiveCfg = Release|Any CPU
	EndGlobalSection
	GlobalSection(SolutionProperties) = preSolution
		HideSolutionNode = FALSE
	EndGlobalSection
EndGlobal
